{
    "_readme": [
        "This file locks the dependencies of your project to a known state",
        "Read more about it at https://getcomposer.org/doc/01-basic-usage.md#composer-lock-the-lock-file",
        "This file is @generated automatically"
    ],
    "content-hash": "7ba0154d383f1416eb7615eac49ea4f9",
    "packages": [
        {
            "name": "cebe/assetfree-yii2",
            "version": "2.0.16",
            "source": {
                "type": "git",
                "url": "https://github.com/cebe/assetfree-yii2.git",
                "reference": "abe39b602265c997031225f57fa2f2ee57c829d2"
            },
            "dist": {
                "type": "zip",
                "url": "https://api.github.com/repos/cebe/assetfree-yii2/zipball/abe39b602265c997031225f57fa2f2ee57c829d2",
                "reference": "abe39b602265c997031225f57fa2f2ee57c829d2",
                "shasum": ""
            },
            "require": {
                "php": ">=5.4.0",
                "yiisoft/yii2": "~2.0.16.0"
            },
            "conflict": {
                "bower-asset/inputmask": "*",
                "bower-asset/jquery": "*",
                "bower-asset/jquery.inputmask": "*",
                "bower-asset/punycode": "*",
                "bower-asset/yii2-pjax": "*"
            },
            "replace": {
                "bower-asset/inputmask": "*",
                "bower-asset/jquery": "*",
                "bower-asset/jquery.inputmask": "*",
                "bower-asset/punycode": "*",
                "bower-asset/yii2-pjax": "*"
            },
            "type": "library",
            "notification-url": "https://packagist.org/downloads/",
            "description": "A meta package that allows you to install yii2 without composer-asset-plugin.",
            "time": "2019-02-25T18:22:22+00:00"
        },
        {
            "name": "cebe/markdown",
            "version": "1.2.1",
            "source": {
                "type": "git",
                "url": "https://github.com/cebe/markdown.git",
                "reference": "9bac5e971dd391e2802dca5400bbeacbaea9eb86"
            },
            "dist": {
                "type": "zip",
                "url": "https://api.github.com/repos/cebe/markdown/zipball/9bac5e971dd391e2802dca5400bbeacbaea9eb86",
                "reference": "9bac5e971dd391e2802dca5400bbeacbaea9eb86",
                "shasum": ""
            },
            "require": {
                "lib-pcre": "*",
                "php": ">=5.4.0"
            },
            "require-dev": {
                "cebe/indent": "*",
                "facebook/xhprof": "*@dev",
                "phpunit/phpunit": "4.1.*"
            },
            "bin": [
                "bin/markdown"
            ],
            "type": "library",
            "extra": {
                "branch-alias": {
                    "dev-master": "1.2.x-dev"
                }
            },
            "autoload": {
                "psr-4": {
                    "cebe\\markdown\\": ""
                }
            },
            "notification-url": "https://packagist.org/downloads/",
            "license": [
                "MIT"
            ],
            "authors": [
                {
                    "name": "Carsten Brandt",
                    "role": "Creator",
                    "email": "mail@cebe.cc",
                    "homepage": "http://cebe.cc/"
                }
            ],
            "description": "A super fast, highly extensible markdown parser for PHP",
            "homepage": "https://github.com/cebe/markdown#readme",
            "keywords": [
                "extensible",
                "fast",
                "gfm",
                "markdown",
                "markdown-extra"
            ],
            "time": "2018-03-26T11:24:36+00:00"
        },
        {
            "name": "ezyang/htmlpurifier",
            "version": "v4.11.0",
            "source": {
                "type": "git",
                "url": "https://github.com/ezyang/htmlpurifier.git",
                "reference": "83ab08bc1af7d808a9e0fbf024f1c24bfd73c0a7"
            },
            "dist": {
                "type": "zip",
                "url": "https://api.github.com/repos/ezyang/htmlpurifier/zipball/83ab08bc1af7d808a9e0fbf024f1c24bfd73c0a7",
                "reference": "83ab08bc1af7d808a9e0fbf024f1c24bfd73c0a7",
                "shasum": ""
            },
            "require": {
                "php": ">=5.2"
            },
            "require-dev": {
                "simpletest/simpletest": "dev-master#72de02a7b80c6bb8864ef9bf66d41d2f58f826bd"
            },
            "type": "library",
            "autoload": {
                "psr-0": {
                    "HTMLPurifier": "library/"
                },
                "files": [
                    "library/HTMLPurifier.composer.php"
                ]
            },
            "notification-url": "https://packagist.org/downloads/",
            "license": [
                "LGPL-2.1-or-later"
            ],
            "authors": [
                {
                    "name": "Edward Z. Yang",
                    "email": "admin@htmlpurifier.org",
                    "homepage": "http://ezyang.com"
                }
            ],
            "description": "Standards compliant HTML filter written in PHP",
            "homepage": "http://htmlpurifier.org/",
            "keywords": [
                "html"
            ],
            "time": "2019-07-14T18:58:38+00:00"
        },
        {
            "name": "yiisoft/yii2",
            "version": "2.0.16.1",
            "source": {
                "type": "git",
                "url": "https://github.com/yiisoft/yii2-framework.git",
                "reference": "089198cced57c4b8c9545ddc56001a1bd114b2dd"
            },
            "dist": {
                "type": "zip",
                "url": "https://api.github.com/repos/yiisoft/yii2-framework/zipball/089198cced57c4b8c9545ddc56001a1bd114b2dd",
                "reference": "089198cced57c4b8c9545ddc56001a1bd114b2dd",
                "shasum": ""
            },
            "require": {
                "bower-asset/inputmask": "~3.2.2 | ~3.3.5",
                "bower-asset/jquery": "3.3.*@stable | 3.2.*@stable | 3.1.*@stable | 2.2.*@stable | 2.1.*@stable | 1.11.*@stable | 1.12.*@stable",
                "bower-asset/punycode": "1.3.*",
                "bower-asset/yii2-pjax": "~2.0.1",
                "cebe/markdown": "~1.0.0 | ~1.1.0 | ~1.2.0",
                "ext-ctype": "*",
                "ext-mbstring": "*",
                "ezyang/htmlpurifier": "~4.6",
                "lib-pcre": "*",
                "php": ">=5.4.0",
                "yiisoft/yii2-composer": "~2.0.4"
            },
            "bin": [
                "yii"
            ],
            "type": "library",
            "extra": {
                "branch-alias": {
                    "dev-master": "2.0.x-dev"
                }
            },
            "autoload": {
                "psr-4": {
                    "yii\\": ""
                }
            },
            "notification-url": "https://packagist.org/downloads/",
            "license": [
                "BSD-3-Clause"
            ],
            "authors": [
                {
                    "name": "Qiang Xue",
                    "role": "Founder and project lead",
                    "email": "qiang.xue@gmail.com",
                    "homepage": "http://www.yiiframework.com/"
                },
                {
                    "name": "Alexander Makarov",
                    "role": "Core framework development",
                    "email": "sam@rmcreative.ru",
                    "homepage": "http://rmcreative.ru/"
                },
                {
                    "name": "Maurizio Domba",
                    "role": "Core framework development",
                    "homepage": "http://mdomba.info/"
                },
                {
                    "name": "Carsten Brandt",
                    "role": "Core framework development",
                    "email": "mail@cebe.cc",
                    "homepage": "http://cebe.cc/"
                },
                {
                    "name": "Timur Ruziev",
                    "role": "Core framework development",
                    "email": "resurtm@gmail.com",
                    "homepage": "http://resurtm.com/"
                },
                {
                    "name": "Paul Klimov",
                    "role": "Core framework development",
                    "email": "klimov.paul@gmail.com"
                },
                {
                    "name": "Dmitry Naumenko",
                    "role": "Core framework development",
                    "email": "d.naumenko.a@gmail.com"
                },
                {
                    "name": "Boudewijn Vahrmeijer",
                    "role": "Core framework development",
                    "email": "info@dynasource.eu",
                    "homepage": "http://dynasource.eu"
                }
            ],
            "description": "Yii PHP Framework Version 2",
            "homepage": "http://www.yiiframework.com/",
            "keywords": [
                "framework",
                "yii2"
            ],
            "time": "2019-02-28T07:03:06+00:00"
        },
        {
            "name": "yiisoft/yii2-composer",
            "version": "2.0.8",
            "source": {
                "type": "git",
                "url": "https://github.com/yiisoft/yii2-composer.git",
                "reference": "5c7ca9836cf80b34db265332a7f2f8438eb469b9"
            },
            "dist": {
                "type": "zip",
                "url": "https://api.github.com/repos/yiisoft/yii2-composer/zipball/5c7ca9836cf80b34db265332a7f2f8438eb469b9",
                "reference": "5c7ca9836cf80b34db265332a7f2f8438eb469b9",
                "shasum": ""
            },
            "require": {
                "composer-plugin-api": "^1.0"
            },
            "require-dev": {
                "composer/composer": "^1.0",
                "phpunit/phpunit": "<7"
            },
            "type": "composer-plugin",
            "extra": {
                "class": "yii\\composer\\Plugin",
                "branch-alias": {
                    "dev-master": "2.0.x-dev"
                }
            },
            "autoload": {
                "psr-4": {
                    "yii\\composer\\": ""
                }
            },
            "notification-url": "https://packagist.org/downloads/",
            "license": [
                "BSD-3-Clause"
            ],
            "authors": [
                {
                    "name": "Qiang Xue",
                    "email": "qiang.xue@gmail.com"
                },
                {
                    "name": "Carsten Brandt",
                    "email": "mail@cebe.cc"
                }
            ],
            "description": "The composer plugin for Yii extension installer",
            "keywords": [
                "composer",
                "extension installer",
                "yii2"
            ],
            "time": "2019-07-16T13:22:30+00:00"
        }
    ],
    "packages-dev": [],
    "aliases": [],
    "minimum-stability": "stable",
    "stability-flags": [],
    "prefer-stable": false,
    "prefer-lowest": false,
    "platform": [],
    "platform-dev": []
}
